
Microsoft Visual Studio Solution File, Format Version 12.00
# Visual Studio 15
VisualStudioVersion = 15.0.27703.2035
MinimumVisualStudioVersion = 10.0.40219.1
Project("{FAE04EC0-301F-11D3-BF4B-00C04F79EFBC}") = "BooksApp", "BooksApp\BooksApp.csproj", "{90EDD36A-64D9-4227-9E65-6507F0A9410F}"
EndProject
Project("{00D1A9C2-B5F0-4AF3-8072-F6C62B433612}") = "BooksDB", "BooksDB\BooksDB.sqlproj", "{D529D2DA-7777-48D5-96FB-0754A8342BA1}"
EndProject
Global
	GlobalSection(SolutionConfigurationPlatforms) = preSolution
		Debug|Any CPU = Debug|Any CPU
		Release|Any CPU = Release|Any CPU
	EndGlobalSection
	GlobalSection(ProjectConfigurationPlatforms) = postSolution
		{90EDD36A-64D9-4227-9E65-6507F0A9410F}.Debug|Any CPU.ActiveCfg = Debug|Any CPU
		{90EDD36A-64D9-4227-9E65-6507F0A9410F}.Debug|Any CPU.Build.0 = Debug|Any CPU
		{90EDD36A-64D9-4227-9E65-6507F0A9410F}.Release|Any CPU.ActiveCfg = Release|Any CPU
		{90EDD36A-64D9-4227-9E65-6507F0A9410F}.Release|Any CPU.Build.0 = Release|Any CPU
		{D529D2DA-7777-48D5-96FB-0754A8342BA1}.Debug|Any CPU.ActiveCfg = Debug|Any CPU
		{D529D2DA-7777-48D5-96FB-0754A8342BA1}.Debug|Any CPU.Build.0 = Debug|Any CPU
		{D529D2DA-7777-48D5-96FB-0754A8342BA1}.Debug|Any CPU.Deploy.0 = Debug|Any CPU
		{D529D2DA-7777-48D5-96FB-0754A8342BA1}.Release|Any CPU.ActiveCfg = Release|Any CPU
		{D529D2DA-7777-48D5-96FB-0754A8342BA1}.Release|Any CPU.Build.0 = Release|Any CPU
		{D529D2DA-7777-48D5-96FB-0754A8342BA1}.Release|Any CPU.Deploy.0 = Release|Any CPU
	EndGlobalSection
	GlobalSection(SolutionProperties) = preSolution
		HideSolutionNode = FALSE
	EndGlobalSection
	GlobalSection(ExtensibilityGlobals) = postSolution
		SolutionGuid = {56E725FC-5DFB-46A9-950E-B1A19F1D6831}
	EndGlobalSection
EndGlobal
